// !$*UTF8*$!
{
	archiveVersion = 1;
	classes = {
	};
	objectVersion = 46;
	objects = {

/* Begin PBXBuildFile section */
		D9B60FCC2021B552001CDEB4 /* AppDelegate.swift in Sources */ = {isa = PBXBuildFile; fileRef = D9B60FCB2021B552001CDEB4 /* AppDelegate.swift */; };
		D9B60FCE2021B552001CDEB4 /* ViewController.swift in Sources */ = {isa = PBXBuildFile; fileRef = D9B60FCD2021B552001CDEB4 /* ViewController.swift */; };
		D9B60FD12021B552001CDEB4 /* Main.storyboard in Resources */ = {isa = PBXBuildFile; fileRef = D9B60FCF2021B552001CDEB4 /* Main.storyboard */; };
		D9B60FD32021B552001CDEB4 /* Assets.xcassets in Resources */ = {isa = PBXBuildFile; fileRef = D9B60FD22021B552001CDEB4 /* Assets.xcassets */; };
		D9B60FD62021B552001CDEB4 /* LaunchScreen.storyboard in Resources */ = {isa = PBXBuildFile; fileRef = D9B60FD42021B552001CDEB4 /* LaunchScreen.storyboard */; };
		D9B60FE32021B95B001CDEB4 /* PreviewViewController.swift in Sources */ = {isa = PBXBuildFile; fileRef = D9B60FE22021B95B001CDEB4 /* PreviewViewController.swift */; };
		D9B60FE52021BDC9001CDEB4 /* flightRECORD.html in Resources */ = {isa = PBXBuildFile; fileRef = D9B60FE42021BDC9001CDEB4 /* flightRECORD.html */; };
		D9B60FE72021C21C001CDEB4 /* Sample.html in Resources */ = {isa = PBXBuildFile; fileRef = D9B60FE62021C21C001CDEB4 /* Sample.html */; };
/* End PBXBuildFile section */

/* Begin PBXFileReference section */
		D9B60FC82021B552001CDEB4 /* htmlUPDATE.app */ = {isa = PBXFileReference; explicitFileType = wrapper.application; includeInIndex = 0; path = htmlUPDATE.app; sourceTree = BUILT_PRODUCTS_DIR; };
		D9B60FCB2021B552001CDEB4 /* AppDelegate.swift */ = {isa = PBXFileReference; lastKnownFileType = sourcecode.swift; path = AppDelegate.swift; sourceTree = "<group>"; };
		D9B60FCD2021B552001CDEB4 /* ViewController.swift */ = {isa = PBXFileReference; lastKnownFileType = sourcecode.swift; path = ViewController.swift; sourceTree = "<group>"; };
		D9B60FD02021B552001CDEB4 /* Base */ = {isa = PBXFileReference; lastKnownFileType = file.storyboard; name = Base; path = Base.lproj/Main.storyboard; sourceTree = "<group>"; };
		D9B60FD22021B552001CDEB4 /* Assets.xcassets */ = {isa = PBXFileReference; lastKnownFileType = folder.assetcatalog; path = Assets.xcassets; sourceTree = "<group>"; };
		D9B60FD52021B552001CDEB4 /* Base */ = {isa = PBXFileReference; lastKnownFileType = file.storyboard; name = Base; path = Base.lproj/LaunchScreen.storyboard; sourceTree = "<group>"; };
		D9B60FD72021B552001CDEB4 /* Info.plist */ = {isa = PBXFileReference; lastKnownFileType = text.plist.xml; path = Info.plist; sourceTree = "<group>"; };
		D9B60FE22021B95B001CDEB4 /* PreviewViewController.swift */ = {isa = PBXFileReference; fileEncoding = 4; lastKnownFileType = sourcecode.swift; path = PreviewViewController.swift; sourceTree = "<group>"; };
		D9B60FE42021BDC9001CDEB4 /* flightRECORD.html */ = {isa = PBXFileReference; fileEncoding = 4; lastKnownFileType = text.html; path = flightRECORD.html; sourceTree = "<group>"; };
		D9B60FE62021C21C001CDEB4 /* Sample.html */ = {isa = PBXFileReference; fileEncoding = 4; lastKnownFileType = text.html; path = Sample.html; sourceTree = "<group>"; };
/* End PBXFileReference section */

/* Begin PBXFrameworksBuildPhase section */
		D9B60FC52021B552001CDEB4 /* Frameworks */ = {
			isa = PBXFrameworksBuildPhase;
			buildActionMask = 2147483647;
			files = (
			);
			runOnlyForDeploymentPostprocessing = 0;
		};
/* End PBXFrameworksBuildPhase section */

/* Begin PBXGroup section */
		D9B60FBF2021B552001CDEB4 = {
			isa = PBXGroup;
			children = (
				D9B60FDD2021B5EF001CDEB4 /* HTML Templates */,
				D9B60FCA2021B552001CDEB4 /* htmlUPDATE */,
				D9B60FC92021B552001CDEB4 /* Products */,
			);
			sourceTree = "<group>";
		};
		D9B60FC92021B552001CDEB4 /* Products */ = {
			isa = PBXGroup;
			children = (
				D9B60FC82021B552001CDEB4 /* htmlUPDATE.app */,
			);
			name = Products;
			sourceTree = "<group>";
		};
		D9B60FCA2021B552001CDEB4 /* htmlUPDATE */ = {
			isa = PBXGroup;
			children = (
				D9B60FCB2021B552001CDEB4 /* AppDelegate.swift */,
				D9B60FCD2021B552001CDEB4 /* ViewController.swift */,
				D9B60FCF2021B552001CDEB4 /* Main.storyboard */,
				D9B60FD22021B552001CDEB4 /* Assets.xcassets */,
				D9B60FD42021B552001CDEB4 /* LaunchScreen.storyboard */,
				D9B60FD72021B552001CDEB4 /* Info.plist */,
				D9B60FE22021B95B001CDEB4 /* PreviewViewController.swift */,
			);
			path = htmlUPDATE;
			sourceTree = "<group>";
		};
		D9B60FDD2021B5EF001CDEB4 /* HTML Templates */ = {
			isa = PBXGroup;
			children = (
				D9B60FE42021BDC9001CDEB4 /* flightRECORD.html */,
				D9B60FE62021C21C001CDEB4 /* Sample.html */,
			);
			name = "HTML Templates";
			path = htmlUPDATE;
			sourceTree = "<group>";
		};
/* End PBXGroup section */

/* Begin PBXNativeTarget section */
		D9B60FC72021B552001CDEB4 /* htmlUPDATE */ = {
			isa = PBXNativeTarget;
			buildConfigurationList = D9B60FDA2021B552001CDEB4 /* Build configuration list for PBXNativeTarget "htmlUPDATE" */;
			buildPhases = (
				D9B60FC42021B552001CDEB4 /* Sources */,
				D9B60FC52021B552001CDEB4 /* Frameworks */,
				D9B60FC62021B552001CDEB4 /* Resources */,
			);
			buildRules = (
			);
			dependencies = (
			);
			name = htmlUPDATE;
			productName = htmlUPDATE;
			productReference = D9B60FC82021B552001CDEB4 /* htmlUPDATE.app */;
			productType = "com.apple.product-type.application";
		};
/* End PBXNativeTarget section */

/* Begin PBXProject section */
		D9B60FC02021B552001CDEB4 /* Project object */ = {
			isa = PBXProject;
			attributes = {
				LastSwiftUpdateCheck = 0830;
				LastUpgradeCheck = 0830;
				ORGANIZATIONNAME = AnnaDev7;
				TargetAttributes = {
					D9B60FC72021B552001CDEB4 = {
						CreatedOnToolsVersion = 8.3.3;
						DevelopmentTeam = 7Z47XRNFYJ;
						ProvisioningStyle = Automatic;
					};
				};
			};
			buildConfigurationList = D9B60FC32021B552001CDEB4 /* Build configuration list for PBXProject "htmlUPDATE" */;
			compatibilityVersion = "Xcode 3.2";
			developmentRegion = English;
			hasScannedForEncodings = 0;
			knownRegions = (
				en,
				Base,
			);
			mainGroup = D9B60FBF2021B552001CDEB4;
			productRefGroup = D9B60FC92021B552001CDEB4 /* Products */;
			projectDirPath = "";
			projectRoot = "";
			targets = (
				D9B60FC72021B552001CDEB4 /* htmlUPDATE */,
			);
		};
/* End PBXProject section */

/* Begin PBXResourcesBuildPhase section */
		D9B60FC62021B552001CDEB4 /* Resources */ = {
			isa = PBXResourcesBuildPhase;
			buildActionMask = 2147483647;
			files = (
				D9B60FD62021B552001CDEB4 /* LaunchScreen.storyboard in Resources */,
				D9B60FD32021B552001CDEB4 /* Assets.xcassets in Resources */,
				D9B60FE52021BDC9001CDEB4 /* flightRECORD.html in Resources */,
				D9B60FD12021B552001CDEB4 /* Main.storyboard in Resources */,
				D9B60FE72021C21C001CDEB4 /* Sample.html in Resources */,
			);
			runOnlyForDeploymentPostprocessing = 0;
		};
/* End PBXResourcesBuildPhase section */

/* Begin PBXSourcesBuildPhase section */
		D9B60FC42021B552001CDEB4 /* Sources */ = {
			isa = PBXSourcesBuildPhase;
			buildActionMask = 2147483647;
			files = (
				D9B60FCE2021B552001CDEB4 /* ViewController.swift in Sources */,
				D9B60FCC2021B552001CDEB4 /* AppDelegate.swift in Sources */,
				D9B60FE32021B95B001CDEB4 /* PreviewViewController.swift in Sources */,
			);
			runOnlyForDeploymentPostprocessing = 0;
		};
/* End PBXSourcesBuildPhase section */

/* Begin PBXVariantGroup section */
		D9B60FCF2021B552001CDEB4 /* Main.storyboard */ = {
			isa = PBXVariantGroup;
			children = (
				D9B60FD02021B552001CDEB4 /* Base */,
			);
			name = Main.storyboard;
			sourceTree = "<group>";
		};
		D9B60FD42021B552001CDEB4 /* LaunchScreen.storyboard */ = {
			isa = PBXVariantGroup;
			children = (
				D9B60FD52021B552001CDEB4 /* Base */,
			);
			name = LaunchScreen.storyboard;
			sourceTree = "<group>";
		};
/* End PBXVariantGroup section */

/* Begin XCBuildConfiguration section */
		D9B60FD82021B552001CDEB4 /* Debug */ = {
			isa = XCBuildConfiguration;
			buildSettings = {
				ALWAYS_SEARCH_USER_PATHS = NO;
				CLANG_ANALYZER_NONNULL = YES;
				CLANG_ANALYZER_NUMBER_OBJECT_CONVERSION = YES_AGGRESSIVE;
				CLANG_CXX_LANGUAGE_STANDARD = "gnu++0x";
				CLANG_CXX_LIBRARY = "libc++";
				CLANG_ENABLE_MODULES = YES;
				CLANG_ENABLE_OBJC_ARC = YES;
				CLANG_WARN_BOOL_CONVERSION = YES;
				CLANG_WARN_CONSTANT_CONVERSION = YES;
				CLANG_WARN_DIRECT_OBJC_ISA_USAGE = YES_ERROR;
				CLANG_WARN_DOCUMENTATION_COMMENTS = YES;
				CLANG_WARN_EMPTY_BODY = YES;
				CLANG_WARN_ENUM_CONVERSION = YES;
				CLANG_WARN_INFINITE_RECURSION = YES;
				CLANG_WARN_INT_CONVERSION = YES;
				CLANG_WARN_OBJC_ROOT_CLASS = YES_ERROR;
				CLANG_WARN_SUSPICIOUS_MOVE = YES;
				CLANG_WARN_UNREACHABLE_CODE = YES;
				CLANG_WARN__DUPLICATE_METHOD_MATCH = YES;
				"CODE_SIGN_IDENTITY[sdk=iphoneos*]" = "iPhone Developer";
				COPY_PHASE_STRIP = NO;
				DEBUG_INFORMATION_FORMAT = dwarf;
				ENABLE_STRICT_OBJC_MSGSEND = YES;
				ENABLE_TESTABILITY = YES;
				GCC_C_LANGUAGE_STANDARD = gnu99;
				GCC_DYNAMIC_NO_PIC = NO;
				GCC_NO_COMMON_BLOCKS = YES;
				GCC_OPTIMIZATION_LEVEL = 0;
				GCC_PREPROCESSOR_DEFINITIONS = (
					"DEBUG=1",
					"$(inherited)",
				);
				GCC_WARN_64_TO_32_BIT_CONVERSION = YES;
				GCC_WARN_ABOUT_RETURN_TYPE = YES_ERROR;
				GCC_WARN_UNDECLARED_SELECTOR = YES;
				GCC_WARN_UNINITIALIZED_AUTOS = YES_AGGRESSIVE;
				GCC_WARN_UNUSED_FUNCTION = YES;
				GCC_WARN_UNUSED_VARIABLE = YES;
				IPHONEOS_DEPLOYMENT_TARGET = 10.3;
				MTL_ENABLE_DEBUG_INFO = YES;
				ONLY_ACTIVE_ARCH = YES;
				SDKROOT = iphoneos;
				SWIFT_ACTIVE_COMPILATION_CONDITIONS = DEBUG;
				SWIFT_OPTIMIZATION_LEVEL = "-Onone";
				TARGETED_DEVICE_FAMILY = 2;
			};
			name = Debug;
		};
		D9B60FD92021B552001CDEB4 /* Release */ = {
			isa = XCBuildConfiguration;
			buildSettings = {
				ALWAYS_SEARCH_USER_PATHS = NO;
				CLANG_ANALYZER_NONNULL = YES;
				CLANG_ANALYZER_NUMBER_OBJECT_CONVERSION = YES_AGGRESSIVE;
				CLANG_CXX_LANGUAGE_STANDARD = "gnu++0x";
				CLANG_CXX_LIBRARY = "libc++";
				CLANG_ENABLE_MODULES = YES;
				CLANG_ENABLE_OBJC_ARC = YES;
				CLANG_WARN_BOOL_CONVERSION = YES;
				CLANG_WARN_CONSTANT_CONVERSION = YES;
				CLANG_WARN_DIRECT_OBJC_ISA_USAGE = YES_ERROR;
				CLANG_WARN_DOCUMENTATION_COMMENTS = YES;
				CLANG_WARN_EMPTY_BODY = YES;
				CLANG_WARN_ENUM_CONVERSION = YES;
				CLANG_WARN_INFINITE_RECURSION = YES;
				CLANG_WARN_INT_CONVERSION = YES;
				CLANG_WARN_OBJC_ROOT_CLASS = YES_ERROR;
				CLANG_WARN_SUSPICIOUS_MOVE = YES;
				CLANG_WARN_UNREACHABLE_CODE = YES;
				CLANG_WARN__DUPLICATE_METHOD_MATCH = YES;
				"CODE_SIGN_IDENTITY[sdk=iphoneos*]" = "iPhone Developer";
				COPY_PHASE_STRIP = NO;
				DEBUG_INFORMATION_FORMAT = "dwarf-with-dsym";
				ENABLE_NS_ASSERTIONS = NO;
				ENABLE_STRICT_OBJC_MSGSEND = YES;
				GCC_C_LANGUAGE_STANDARD = gnu99;
				GCC_NO_COMMON_BLOCKS = YES;
				GCC_WARN_64_TO_32_BIT_CONVERSION = YES;
				GCC_WARN_ABOUT_RETURN_TYPE = YES_ERROR;
				GCC_WARN_UNDECLARED_SELECTOR = YES;
				GCC_WARN_UNINITIALIZED_AUTOS = YES_AGGRESSIVE;
				GCC_WARN_UNUSED_FUNCTION = YES;
				GCC_WARN_UNUSED_VARIABLE = YES;
				IPHONEOS_DEPLOYMENT_TARGET = 10.3;
				MTL_ENABLE_DEBUG_INFO = NO;
				SDKROOT = iphoneos;
				SWIFT_OPTIMIZATION_LEVEL = "-Owholemodule";
				TARGETED_DEVICE_FAMILY = 2;
				VALIDATE_PRODUCT = YES;
			};
			name = Release;
		};
		D9B60FDB2021B552001CDEB4 /* Debug */ = {
			isa = XCBuildConfiguration;
			buildSettings = {
				ASSETCATALOG_COMPILER_APPICON_NAME = AppIcon;
				DEVELOPMENT_TEAM = 7Z47XRNFYJ;
				INFOPLIST_FILE = htmlUPDATE/Info.plist;
				LD_RUNPATH_SEARCH_PATHS = "$(inherited) @executable_path/Frameworks";
				PRODUCT_BUNDLE_IDENTIFIER = AnnaDev7.htmlUPDATE;
				PRODUCT_NAME = "$(TARGET_NAME)";
				SWIFT_VERSION = 3.0;
			};
			name = Debug;
		};
		D9B60FDC2021B552001CDEB4 /* Release */ = {
			isa = XCBuildConfiguration;
			buildSettings = {
				ASSETCATALOG_COMPILER_APPICON_NAME = AppIcon;
				DEVELOPMENT_TEAM = 7Z47XRNFYJ;
				INFOPLIST_FILE = htmlUPDATE/Info.plist;
				LD_RUNPATH_SEARCH_PATHS = "$(inherited) @executable_path/Frameworks";
				PRODUCT_BUNDLE_IDENTIFIER = AnnaDev7.htmlUPDATE;
				PRODUCT_NAME = "$(TARGET_NAME)";
				SWIFT_VERSION = 3.0;
			};
			name = Release;
		};
/* End XCBuildConfiguration section */

/* Begin XCConfigurationList section */
		D9B60FC32021B552001CDEB4 /* Build configuration list for PBXProject "htmlUPDATE" */ = {
			isa = XCConfigurationList;
			buildConfigurations = (
				D9B60FD82021B552001CDEB4 /* Debug */,
				D9B60FD92021B552001CDEB4 /* Release */,
			);
			defaultConfigurationIsVisible = 0;
			defaultConfigurationName = Release;
		};
		D9B60FDA2021B552001CDEB4 /* Build configuration list for PBXNativeTarget "htmlUPDATE" */ = {
			isa = XCConfigurationList;
			buildConfigurations = (
				D9B60FDB2021B552001CDEB4 /* Debug */,
				D9B60FDC2021B552001CDEB4 /* Release */,
			);
			defaultConfigurationIsVisible = 0;
		};
/* End XCConfigurationList section */
	};
	rootObject = D9B60FC02021B552001CDEB4 /* Project object */;
}
